<?xml version="1.0" encoding="utf-8"?>
<Project ToolsVersion="4.0" xmlns="http://schemas.microsoft.com/developer/msbuild/2003">
  <ItemGroup>
    <Filter Include="source">
      <UniqueIdentifier>{4000d9f6-806d-43cd-9fc5-c033639d610f}</UniqueIdentifier>
      <Extensions>cpp;c;cxx;def;odl;idl;hpj;bat;asm</Extensions>
    </Filter>
    <Filter Include="include">
      <UniqueIdentifier>{81527757-57e6-4cae-bd12-f8c1c56ee194}</UniqueIdentifier>
      <Extensions>h;hpp;hxx;hm;inl;inc</Extensions>
    </Filter>
    <Filter Include="resource">
      <UniqueIdentifier>{f37a14e6-3649-4f2d-abb8-88d9aedebd87}</UniqueIdentifier>
      <Extensions>rc;ico;cur;bmp;dlg;rc2;rct;bin;rgs;jpg;jpeg;jpe;png;manifest</Extensions>
    </Filter>
    <Filter Include="net">
      <UniqueIdentifier>{6261c041-361f-4274-b3ca-f37a050ec7b2}</UniqueIdentifier>
    </Filter>
    <Filter Include="base">
      <UniqueIdentifier>{0aff9a56-7a4b-4971-86d0-06a1bdf154bd}</UniqueIdentifier>
    </Filter>
    <Filter Include="timer">
      <UniqueIdentifier>{a566e09b-8dec-48d4-8479-7bdbaceec878}</UniqueIdentifier>
    </Filter>
    <Filter Include="game">
      <UniqueIdentifier>{9f281be6-73a7-49a8-a581-4967ab3e9e6d}</UniqueIdentifier>
    </Filter>
    <Filter Include="event">
      <UniqueIdentifier>{a00dc9d3-e149-4f7f-824a-83ee8d838b84}</UniqueIdentifier>
    </Filter>
    <Filter Include="ui">
      <UniqueIdentifier>{6244fab2-cf7c-4e0c-8472-f849791a6dba}</UniqueIdentifier>
    </Filter>
    <Filter Include="database">
      <UniqueIdentifier>{b0d7c77c-c7a5-48e1-929f-9d29f4502588}</UniqueIdentifier>
    </Filter>
    <Filter Include="load">
      <UniqueIdentifier>{c5c44d9d-f2b2-4d0c-b49f-2a6043873cb4}</UniqueIdentifier>
    </Filter>
    <Filter Include="interface">
      <UniqueIdentifier>{f6fa417c-090a-49c9-aa2e-bbfc67d0fcb4}</UniqueIdentifier>
    </Filter>
    <Filter Include="sound">
      <UniqueIdentifier>{12f61b09-f8e8-4228-a052-114ee0835b64}</UniqueIdentifier>
    </Filter>
    <Filter Include="netlib">
      <UniqueIdentifier>{ec60aeba-8c3a-4efe-8a02-eacb234725db}</UniqueIdentifier>
    </Filter>
    <Filter Include="packetexecute">
      <UniqueIdentifier>{67279a7f-fd88-48ac-bf12-b80e000dad82}</UniqueIdentifier>
    </Filter>
    <Filter Include="net\packet">
      <UniqueIdentifier>{c2a5ffaf-56d5-4f30-b499-ff0ea314baac}</UniqueIdentifier>
    </Filter>
    <Filter Include="net\packet\cg">
      <UniqueIdentifier>{9a9b1a55-876a-42b7-900a-31f24c8ec4ad}</UniqueIdentifier>
    </Filter>
    <Filter Include="net\packet\gc">
      <UniqueIdentifier>{ab675875-d184-408e-914a-6d810c4e658f}</UniqueIdentifier>
    </Filter>
    <Filter Include="datapool">
      <UniqueIdentifier>{301b9532-dae5-4ac9-b068-2d3ea2cf670c}</UniqueIdentifier>
    </Filter>
    <Filter Include="common">
      <UniqueIdentifier>{b4bfeec6-8a1d-4a3d-a370-f7a9bde16eca}</UniqueIdentifier>
    </Filter>
    <Filter Include="ui\layout">
      <UniqueIdentifier>{33e2a752-92d1-4597-ae05-5d748ca9e281}</UniqueIdentifier>
    </Filter>
    <Filter Include="object">
      <UniqueIdentifier>{b7107204-ce20-4925-bf8b-ac5e6154a64c}</UniqueIdentifier>
    </Filter>
    <Filter Include="object\player">
      <UniqueIdentifier>{79233bd9-fd95-4d6c-b009-c50d613eeea2}</UniqueIdentifier>
    </Filter>
    <Filter Include="object\Item">
      <UniqueIdentifier>{d76ee1ba-318a-4b46-a022-d7c6e3e3a682}</UniqueIdentifier>
    </Filter>
    <Filter Include="ui\element">
      <UniqueIdentifier>{f6beaf8a-a086-437c-9238-4bd2d75b19e8}</UniqueIdentifier>
    </Filter>
    <Filter Include="ui\uiLogic">
      <UniqueIdentifier>{fc1d40fd-8090-4b20-b7b4-08a6b9c374c7}</UniqueIdentifier>
    </Filter>
    <Filter Include="object\monster">
      <UniqueIdentifier>{b4da425c-3189-40b5-8288-e18b5fa381e7}</UniqueIdentifier>
    </Filter>
    <Filter Include="packetexecute\login">
      <UniqueIdentifier>{0f790119-a56f-436f-aa52-799c1f4c5e26}</UniqueIdentifier>
    </Filter>
    <Filter Include="packetexecute\hero">
      <UniqueIdentifier>{2e6cb204-7920-4de5-bb9e-5ad3db298498}</UniqueIdentifier>
    </Filter>
    <Filter Include="packetexecute\Human">
      <UniqueIdentifier>{c81ffe44-00f9-4ec0-8b88-16a00c1858ff}</UniqueIdentifier>
    </Filter>
    <Filter Include="packetexecute\Item">
      <UniqueIdentifier>{5ffeb681-5ecf-4287-abf2-451dfcd958c3}</UniqueIdentifier>
    </Filter>
    <Filter Include="object\skill">
      <UniqueIdentifier>{a6c11e14-4f3f-4ee6-becc-97404e30cbf4}</UniqueIdentifier>
    </Filter>
    <Filter Include="packetexecute\Fight">
      <UniqueIdentifier>{70ac3ae2-34c6-4813-bc8b-310db1abb7ad}</UniqueIdentifier>
    </Filter>
    <Filter Include="datapool\battle">
      <UniqueIdentifier>{2542b828-45df-4c40-b609-2fb6b29b422c}</UniqueIdentifier>
    </Filter>
    <Filter Include="packetexecute\chat">
      <UniqueIdentifier>{ff6cf0df-d9dd-4562-9b42-f08d8a149223}</UniqueIdentifier>
    </Filter>
    <Filter Include="packetexecute\huodong">
      <UniqueIdentifier>{6e0a7039-99a7-482a-96e7-12f24d2fe1cd}</UniqueIdentifier>
    </Filter>
    <Filter Include="packetexecute\wood">
      <UniqueIdentifier>{7cb482d6-72d1-4567-a644-a40ff162564d}</UniqueIdentifier>
    </Filter>
    <Filter Include="packetexecute\qujing">
      <UniqueIdentifier>{383507e5-a4a9-427d-8457-03a24c7065e9}</UniqueIdentifier>
    </Filter>
    <Filter Include="packetexecute\Stair">
      <UniqueIdentifier>{1b0b5770-d1fa-42b4-b2c2-e4b61df24c74}</UniqueIdentifier>
    </Filter>
  </ItemGroup>
  <ItemGroup>
    <Image Include="res\DotaClient.ico">
      <Filter>resource</Filter>
    </Image>
  </ItemGroup>
  <ItemGroup>
    <ResourceCompile Include="DotaClient.rc">
      <Filter>resource</Filter>
    </ResourceCompile>
  </ItemGroup>
  <ItemGroup>
    <ClInclude Include="resource.h">
      <Filter>include</Filter>
    </ClInclude>
    <ClInclude Include="main.h">
      <Filter>include</Filter>
    </ClInclude>
    <ClInclude Include="..\Classes\AppDelegate.h">
      <Filter>include</Filter>
    </ClInclude>
    <ClInclude Include="..\Classes\base\Singleton.h">
      <Filter>base</Filter>
    </ClInclude>
    <ClInclude Include="..\Classes\net\NetworkSystem.h">
      <Filter>net</Filter>
    </ClInclude>
    <ClInclude Include="..\Classes\net\PacketExecute.h">
      <Filter>net</Filter>
    </ClInclude>
    <ClInclude Include="..\Classes\base\Global.h">
      <Filter>base</Filter>
    </ClInclude>
    <ClInclude Include="..\Classes\net\PacketClientFactoryManager.h">
      <Filter>net</Filter>
    </ClInclude>
    <ClInclude Include="..\Classes\timer\SystemTimer.h">
      <Filter>timer</Filter>
    </ClInclude>
    <ClInclude Include="..\Classes\Game.h">
      <Filter>source</Filter>
    </ClInclude>
    <ClInclude Include="..\Classes\game\MainGame.h">
      <Filter>game</Filter>
    </ClInclude>
    <ClInclude Include="..\Classes\event\EventDefine.h">
      <Filter>event</Filter>
    </ClInclude>
    <ClInclude Include="..\Classes\event\EventSystem.h">
      <Filter>event</Filter>
    </ClInclude>
    <ClInclude Include="..\Classes\ui\UISystem.h">
      <Filter>ui</Filter>
    </ClInclude>
    <ClInclude Include="..\Classes\ui\ui.h">
      <Filter>ui</Filter>
    </ClInclude>
    <ClInclude Include="..\Classes\database\DataBase.h">
      <Filter>database</Filter>
    </ClInclude>
    <ClInclude Include="..\Classes\database\DataBaseDefine.h">
      <Filter>database</Filter>
    </ClInclude>
    <ClInclude Include="..\Classes\database\DataBaseSystem.h">
      <Filter>database</Filter>
    </ClInclude>
    <ClInclude Include="..\Classes\database\DBFile.h">
      <Filter>database</Filter>
    </ClInclude>
    <ClInclude Include="..\Classes\base\UtilTools.h">
      <Filter>base</Filter>
    </ClInclude>
    <ClInclude Include="..\Classes\load\ResourceSystem.h">
      <Filter>load</Filter>
    </ClInclude>
    <ClInclude Include="..\Classes\ui\SceneManger.h">
      <Filter>ui</Filter>
    </ClInclude>
    <ClInclude Include="..\Classes\AppMacros.h">
      <Filter>source</Filter>
    </ClInclude>
    <ClInclude Include="..\Classes\sound\SoundSystem.h">
      <Filter>sound</Filter>
    </ClInclude>
    <ClInclude Include="..\Classes\base\xString.h">
      <Filter>base</Filter>
    </ClInclude>
    <ClInclude Include="..\Classes\datapool\DataPool.h">
      <Filter>datapool</Filter>
    </ClInclude>
    <ClInclude Include="..\..\..\server\Common\Packets\Login\GCRetRolelistPacket.h">
      <Filter>net\packet\gc</Filter>
    </ClInclude>
    <ClInclude Include="..\..\..\server\ServerCommon\ServerAssert.h">
      <Filter>common</Filter>
    </ClInclude>
    <ClInclude Include="..\..\..\server\ServerCommon\ServerGameDefine.h">
      <Filter>common</Filter>
    </ClInclude>
    <ClInclude Include="..\..\..\server\Common\Packets\GCTimePacket.h">
      <Filter>net\packet\gc</Filter>
    </ClInclude>
    <ClInclude Include="..\..\..\server\Common\Packets\Login\CGAskEnterScenePacket.h">
      <Filter>net\packet\cg</Filter>
    </ClInclude>
    <ClInclude Include="..\..\..\server\Common\Packets\Login\CGAskRolelistPacket.h">
      <Filter>net\packet\cg</Filter>
    </ClInclude>
    <ClInclude Include="..\..\..\server\Common\Packets\Login\CGAskUserDataPacket.h">
      <Filter>net\packet\cg</Filter>
    </ClInclude>
    <ClInclude Include="..\..\..\server\Common\Packets\Login\CGCreateRolePacket.h">
      <Filter>net\packet\cg</Filter>
    </ClInclude>
    <ClInclude Include="..\..\..\server\Common\Packets\CGHeartBeatPacket.h">
      <Filter>net\packet\cg</Filter>
    </ClInclude>
    <ClInclude Include="..\Classes\ui\loginView.h">
      <Filter>ui\layout</Filter>
    </ClInclude>
    <ClInclude Include="..\Classes\ui\logoView.h">
      <Filter>ui\layout</Filter>
    </ClInclude>
    <ClInclude Include="..\Classes\ui\loginUi.h">
      <Filter>ui\uiLogic</Filter>
    </ClInclude>
    <ClInclude Include="..\Classes\ui\logoUi.h">
      <Filter>ui\uiLogic</Filter>
    </ClInclude>
    <ClInclude Include="..\Classes\ui\selectRoleView.h">
      <Filter>ui\layout</Filter>
    </ClInclude>
    <ClInclude Include="..\Classes\ui\selectRoleUi.h">
      <Filter>ui\uiLogic</Filter>
    </ClInclude>
    <ClInclude Include="..\..\..\server\Common\Packets\Login\GCRetEnterScenePacket.h">
      <Filter>net\packet\gc</Filter>
    </ClInclude>
    <ClInclude Include="..\..\..\server\Common\Packets\Login\GCRetUserDataReadyPacket.h">
      <Filter>net\packet\gc</Filter>
    </ClInclude>
    <ClInclude Include="..\..\..\server\Common\Packets\GCGameResultPacket.h">
      <Filter>net\packet\gc</Filter>
    </ClInclude>
    <ClInclude Include="..\Classes\object\Object.h">
      <Filter>object</Filter>
    </ClInclude>
    <ClInclude Include="..\Classes\object\PlayerData.h">
      <Filter>object\player</Filter>
    </ClInclude>
    <ClInclude Include="..\Classes\object\ObjectFactory.h">
      <Filter>object</Filter>
    </ClInclude>
    <ClInclude Include="..\Classes\object\ObjectManager.h">
      <Filter>object</Filter>
    </ClInclude>
    <ClInclude Include="..\Classes\object\ObjectFactoryManager.h">
      <Filter>object</Filter>
    </ClInclude>
    <ClInclude Include="..\Classes\object\ObjectPlayer.h">
      <Filter>object\player</Filter>
    </ClInclude>
    <ClInclude Include="..\Classes\object\ObjectSelf.h">
      <Filter>object\player</Filter>
    </ClInclude>
    <ClInclude Include="..\Classes\datapool\loginData.h">
      <Filter>datapool</Filter>
    </ClInclude>
    <ClInclude Include="..\Classes\object\Item.h">
      <Filter>object\Item</Filter>
    </ClInclude>
    <ClInclude Include="..\Classes\ui\element\LogicTouchItem.h">
      <Filter>ui\element</Filter>
    </ClInclude>
    <ClInclude Include="..\Classes\ui\element\mainNavgView.h">
      <Filter>ui\element</Filter>
    </ClInclude>
    <ClInclude Include="..\Classes\ui\element\mainSatusView.h">
      <Filter>ui\element</Filter>
    </ClInclude>
    <ClInclude Include="..\Classes\ui\ActivitiesUI.h">
      <Filter>ui\uiLogic</Filter>
    </ClInclude>
    <ClInclude Include="..\Classes\ui\ActivitiesUIView.h">
      <Filter>ui\layout</Filter>
    </ClInclude>
    <ClInclude Include="..\Classes\ui\mainPageUIView.h">
      <Filter>ui\layout</Filter>
    </ClInclude>
    <ClInclude Include="..\Classes\ui\mainPageUI.h">
      <Filter>ui\uiLogic</Filter>
    </ClInclude>
    <ClInclude Include="..\Classes\ui\battleFieldUI.h">
      <Filter>ui\uiLogic</Filter>
    </ClInclude>
    <ClInclude Include="..\Classes\ui\battleFieldUIView.h">
      <Filter>ui\layout</Filter>
    </ClInclude>
    <ClInclude Include="..\Classes\datapool\SelfBagData.h">
      <Filter>datapool</Filter>
    </ClInclude>
    <ClInclude Include="..\..\..\server\Common\XStdio.h">
      <Filter>common</Filter>
    </ClInclude>
    <ClInclude Include="..\Classes\object\MonsterData.h">
      <Filter>object\monster</Filter>
    </ClInclude>
    <ClInclude Include="..\Classes\object\ObjectMonster.h">
      <Filter>object\monster</Filter>
    </ClInclude>
    <ClInclude Include="..\Classes\object\ItemCommon.h">
      <Filter>object\Item</Filter>
    </ClInclude>
    <ClInclude Include="..\Classes\object\ItemEquip.h">
      <Filter>object\Item</Filter>
    </ClInclude>
    <ClInclude Include="..\..\..\server\Common\Packets\Hero\CGAskHeroListPacket.h">
      <Filter>net\packet\cg</Filter>
    </ClInclude>
    <ClInclude Include="..\..\..\server\Common\Packets\Hero\CGImproveHeroPacket.h">
      <Filter>net\packet\cg</Filter>
    </ClInclude>
    <ClInclude Include="..\..\..\server\Common\Packets\Hero\CGRecruitHeroPacket.h">
      <Filter>net\packet\cg</Filter>
    </ClInclude>
    <ClInclude Include="..\Classes\object\ItemGem.h">
      <Filter>object\Item</Filter>
    </ClInclude>
    <ClInclude Include="..\Classes\object\ItemTask.h">
      <Filter>object\Item</Filter>
    </ClInclude>
    <ClInclude Include="..\Classes\object\ObjectHero.h">
      <Filter>object\player</Filter>
    </ClInclude>
    <ClInclude Include="..\Classes\object\ObjectSkill.h">
      <Filter>object\skill</Filter>
    </ClInclude>
    <ClInclude Include="..\Classes\game\SendPacket.h">
      <Filter>game</Filter>
    </ClInclude>
    <ClInclude Include="..\..\..\server\Common\Packets\Human\CGAskHumanDetailAttrPacket.h">
      <Filter>net\packet\cg</Filter>
    </ClInclude>
    <ClInclude Include="..\..\..\server\Common\Packets\Item\CGAskItemListPacket.h">
      <Filter>net\packet\cg</Filter>
    </ClInclude>
    <ClInclude Include="..\..\..\server\Common\Packets\Item\CGDropItemPacket.h">
      <Filter>net\packet\cg</Filter>
    </ClInclude>
    <ClInclude Include="..\..\..\server\Common\Packets\Item\CGMoveItemPacket.h">
      <Filter>net\packet\cg</Filter>
    </ClInclude>
    <ClInclude Include="..\..\..\server\Common\Packets\Item\CGUseItemPacket.h">
      <Filter>net\packet\cg</Filter>
    </ClInclude>
    <ClInclude Include="..\..\..\server\Common\Packets\Item\GCItemDeletePacket.h">
      <Filter>net\packet\gc</Filter>
    </ClInclude>
    <ClInclude Include="..\..\..\server\Common\Packets\Item\GCItemInfoPacket.h">
      <Filter>net\packet\gc</Filter>
    </ClInclude>
    <ClInclude Include="..\..\..\server\Common\Packets\Item\GCItemPosChangePacket.h">
      <Filter>net\packet\gc</Filter>
    </ClInclude>
    <ClInclude Include="..\..\..\server\Common\Packets\Item\GCNewItemListPacket.h">
      <Filter>net\packet\gc</Filter>
    </ClInclude>
    <ClInclude Include="..\..\..\server\Common\Packets\Item\GCSwapItemPacket.h">
      <Filter>net\packet\gc</Filter>
    </ClInclude>
    <ClInclude Include="..\..\..\server\Common\Packets\Human\GCRetHumanDetailAttrPacket.h">
      <Filter>net\packet\gc</Filter>
    </ClInclude>
    <ClInclude Include="..\..\..\server\Common\Packets\Hero\GCHeroDeletePacket.h">
      <Filter>net\packet\gc</Filter>
    </ClInclude>
    <ClInclude Include="..\..\..\server\Common\Packets\Hero\GCHeroDetailAttrPacket.h">
      <Filter>net\packet\gc</Filter>
    </ClInclude>
    <ClInclude Include="..\..\..\server\Common\Packets\Hero\GCHeroPosChangePacket.h">
      <Filter>net\packet\gc</Filter>
    </ClInclude>
    <ClInclude Include="..\..\..\server\Common\Packets\Hero\GCNewHeroListPacket.h">
      <Filter>net\packet\gc</Filter>
    </ClInclude>
    <ClInclude Include="..\..\..\server\Common\ItemData.h">
      <Filter>common</Filter>
    </ClInclude>
    <ClInclude Include="..\Classes\ui\heroRecruitUIView.h">
      <Filter>ui\layout</Filter>
    </ClInclude>
    <ClInclude Include="..\Classes\ui\heroRecruitUI.h">
      <Filter>ui\uiLogic</Filter>
    </ClInclude>
    <ClInclude Include="..\Classes\ui\heroBookUIView.h">
      <Filter>ui\layout</Filter>
    </ClInclude>
    <ClInclude Include="..\Classes\ui\heroBookUI.h">
      <Filter>ui\uiLogic</Filter>
    </ClInclude>
    <ClInclude Include="..\Classes\ui\element\CCMenuEx.h">
      <Filter>ui\element</Filter>
    </ClInclude>
    <ClInclude Include="..\Classes\ui\element\CCScrollViewEx.h">
      <Filter>ui\element</Filter>
    </ClInclude>
    <ClInclude Include="..\Classes\ui\secretStoreUIView.h">
      <Filter>ui\layout</Filter>
    </ClInclude>
    <ClInclude Include="..\Classes\ui\secretStoreUI.h">
      <Filter>ui\uiLogic</Filter>
    </ClInclude>
    <ClInclude Include="..\..\..\server\Common\GameObjectDefine.h">
      <Filter>common</Filter>
    </ClInclude>
    <ClInclude Include="..\..\..\server\Common\GameUtil.h">
      <Filter>common</Filter>
    </ClInclude>
    <ClInclude Include="..\Classes\game\GameHelper.h">
      <Filter>game</Filter>
    </ClInclude>
    <ClInclude Include="..\Classes\datapool\ShopData.h">
      <Filter>datapool</Filter>
    </ClInclude>
    <ClInclude Include="..\Classes\datapool\HeartBeatData.h">
      <Filter>datapool</Filter>
    </ClInclude>
    <ClInclude Include="..\..\..\server\Common\Packets\Hero\CGDistribHeroBearpointPacket.h">
      <Filter>net\packet\cg</Filter>
    </ClInclude>
    <ClInclude Include="..\Classes\ui\loadDistributeUI.h">
      <Filter>ui\uiLogic</Filter>
    </ClInclude>
    <ClInclude Include="..\Classes\ui\loadDistributeUIView.h">
      <Filter>ui\layout</Filter>
    </ClInclude>
    <ClInclude Include="..\Classes\ui\heroInfoUI.h">
      <Filter>ui\uiLogic</Filter>
    </ClInclude>
    <ClInclude Include="..\Classes\ui\heroInfoUIView.h">
      <Filter>ui\layout</Filter>
    </ClInclude>
    <ClInclude Include="..\Classes\ui\heroFightChooseUIView.h">
      <Filter>ui\layout</Filter>
    </ClInclude>
    <ClInclude Include="..\Classes\ui\heroFightChooseUI.h">
      <Filter>ui\uiLogic</Filter>
    </ClInclude>
    <ClInclude Include="..\..\..\server\Common\Packets\Human\CGSetMatrixObjectPacket.h">
      <Filter>net\packet\cg</Filter>
    </ClInclude>
    <ClInclude Include="..\Classes\ui\bagOwnUI.h">
      <Filter>ui\uiLogic</Filter>
    </ClInclude>
    <ClInclude Include="..\Classes\ui\bagOwnUIView.h">
      <Filter>ui\layout</Filter>
    </ClInclude>
    <ClInclude Include="..\Classes\ui\teamListUIView.h">
      <Filter>ui\layout</Filter>
    </ClInclude>
    <ClInclude Include="..\Classes\ui\teamListUI.h">
      <Filter>ui\uiLogic</Filter>
    </ClInclude>
    <ClInclude Include="..\Classes\ui\equipmentInspectUIView.h">
      <Filter>ui\layout</Filter>
    </ClInclude>
    <ClInclude Include="..\Classes\ui\equipmentInspectUI.h">
      <Filter>ui\uiLogic</Filter>
    </ClInclude>
    <ClInclude Include="..\Classes\ui\equipmentAllUIView.h">
      <Filter>ui\layout</Filter>
    </ClInclude>
    <ClInclude Include="..\Classes\ui\equipmentAllUI.h">
      <Filter>ui\uiLogic</Filter>
    </ClInclude>
    <ClInclude Include="..\Classes\ui\element\SkillAnimation.h">
      <Filter>ui\element</Filter>
    </ClInclude>
    <ClInclude Include="..\..\..\server\Common\Packets\Fight\CGAskFightPacket.h">
      <Filter>net\packet\cg</Filter>
    </ClInclude>
    <ClInclude Include="..\..\..\server\Common\Packets\Fight\GCFightInfoPacket.h">
      <Filter>net\packet\gc</Filter>
    </ClInclude>
    <ClInclude Include="..\Classes\datapool\BattleData.h">
      <Filter>datapool\battle</Filter>
    </ClInclude>
    <ClInclude Include="..\Classes\datapool\BattleInfo.h">
      <Filter>datapool\battle</Filter>
    </ClInclude>
    <ClInclude Include="..\Classes\datapool\ChatData.h">
      <Filter>datapool</Filter>
    </ClInclude>
    <ClInclude Include="..\..\..\server\Common\Packets\Human\CGChatPacket.h">
      <Filter>net\packet\cg</Filter>
    </ClInclude>
    <ClInclude Include="..\Classes\datapool\EquipOperator.h">
      <Filter>datapool</Filter>
    </ClInclude>
    <ClInclude Include="..\Classes\ui\heroEvolveUIView.h">
      <Filter>ui\layout</Filter>
    </ClInclude>
    <ClInclude Include="..\Classes\ui\heroEvolveUI.h">
      <Filter>ui\uiLogic</Filter>
    </ClInclude>
    <ClInclude Include="..\..\..\server\Common\Packets\Human\CGEquipManufacturePacket.h">
      <Filter>net\packet\cg</Filter>
    </ClInclude>
    <ClInclude Include="..\Classes\ui\heroUpgradeUIView.h">
      <Filter>ui\layout</Filter>
    </ClInclude>
    <ClInclude Include="..\Classes\ui\heroUpgradeUI.h">
      <Filter>ui\uiLogic</Filter>
    </ClInclude>
    <ClInclude Include="..\Classes\datapool\HeroOperator.h">
      <Filter>datapool</Filter>
    </ClInclude>
    <ClInclude Include="..\Classes\ui\skillInspectUIView.h">
      <Filter>ui\layout</Filter>
    </ClInclude>
    <ClInclude Include="..\Classes\ui\skillInspectUI.h">
      <Filter>ui\uiLogic</Filter>
    </ClInclude>
    <ClInclude Include="..\..\..\server\Common\Packets\Other\CGAskSkillLevelUpPacket.h">
      <Filter>net\packet\cg</Filter>
    </ClInclude>
    <ClInclude Include="..\Classes\ui\settingUIView.h">
      <Filter>ui\layout</Filter>
    </ClInclude>
    <ClInclude Include="..\Classes\ui\settingUI.h">
      <Filter>ui\uiLogic</Filter>
    </ClInclude>
    <ClInclude Include="..\Classes\ui\levelListUI.h">
      <Filter>ui\uiLogic</Filter>
    </ClInclude>
    <ClInclude Include="..\Classes\ui\levelListUIView.h">
      <Filter>ui\layout</Filter>
    </ClInclude>
    <ClInclude Include="..\Classes\datapool\SettingData.h">
      <Filter>datapool</Filter>
    </ClInclude>
    <ClInclude Include="..\Classes\datapool\CopySceneData.h">
      <Filter>datapool</Filter>
    </ClInclude>
    <ClInclude Include="..\..\..\server\Common\Packets\Fight\CGAskCopySceneListPacket.h">
      <Filter>net\packet\cg</Filter>
    </ClInclude>
    <ClInclude Include="..\..\..\server\Common\Packets\Fight\GCRetCopySceneListPacket.h">
      <Filter>net\packet\gc</Filter>
    </ClInclude>
    <ClInclude Include="..\..\..\server\Common\Packets\Fight\GCUpdateCopyScenePacket.h">
      <Filter>net\packet\gc</Filter>
    </ClInclude>
    <ClInclude Include="..\..\..\server\Common\Packets\Mail\CGMailAskOpenPacket.h">
      <Filter>net\packet\cg</Filter>
    </ClInclude>
    <ClInclude Include="..\..\..\server\Common\Packets\Mail\CGMailDelPacket.h">
      <Filter>net\packet\cg</Filter>
    </ClInclude>
    <ClInclude Include="..\..\..\server\Common\Packets\Mail\CGMailReadPacket.h">
      <Filter>net\packet\cg</Filter>
    </ClInclude>
    <ClInclude Include="..\..\..\server\Common\Packets\Mail\CGMailWritePacket.h">
      <Filter>net\packet\cg</Filter>
    </ClInclude>
    <ClInclude Include="..\Classes\datapool\MailData.h">
      <Filter>datapool</Filter>
    </ClInclude>
    <ClInclude Include="..\..\..\server\Common\Packets\Mail\GCMailNotifyPacket.h">
      <Filter>net\packet\gc</Filter>
    </ClInclude>
    <ClInclude Include="..\..\..\server\Common\Packets\Mail\GCMailOpenPacket.h">
      <Filter>net\packet\gc</Filter>
    </ClInclude>
    <ClInclude Include="..\Classes\ui\messageUI.h">
      <Filter>ui\uiLogic</Filter>
    </ClInclude>
    <ClInclude Include="..\Classes\ui\messageUIView.h">
      <Filter>ui\layout</Filter>
    </ClInclude>
    <ClInclude Include="..\Classes\ui\rankListUIView.h">
      <Filter>ui\layout</Filter>
    </ClInclude>
    <ClInclude Include="..\Classes\ui\rankListUI.h">
      <Filter>ui\uiLogic</Filter>
    </ClInclude>
    <ClInclude Include="..\Classes\ui\altarUIView.h">
      <Filter>ui\layout</Filter>
    </ClInclude>
    <ClInclude Include="..\Classes\ui\altarUI.h">
      <Filter>ui\uiLogic</Filter>
    </ClInclude>
    <ClInclude Include="..\..\..\server\Common\Packets\Other\CGBuyShopItemPacket.h">
      <Filter>net\packet\cg</Filter>
    </ClInclude>
    <ClInclude Include="..\Classes\datapool\SportsData.h">
      <Filter>datapool</Filter>
    </ClInclude>
    <ClInclude Include="..\Classes\datapool\HeroAltarData.h">
      <Filter>datapool</Filter>
    </ClInclude>
    <ClInclude Include="..\Classes\datapool\WalkMapData.h">
      <Filter>datapool</Filter>
    </ClInclude>
    <ClInclude Include="..\..\..\server\Common\Packets\Other\CGSacrificePacket.h">
      <Filter>net\packet\cg</Filter>
    </ClInclude>
    <ClInclude Include="..\..\..\server\Common\Packets\Arena\CGArenaAskEnterPacket.h">
      <Filter>net\packet\cg</Filter>
    </ClInclude>
    <ClInclude Include="..\..\..\server\Common\Packets\Arena\CGArenaChallengePacket.h">
      <Filter>net\packet\cg</Filter>
    </ClInclude>
    <ClInclude Include="..\Classes\ui\baseview.h">
      <Filter>ui\layout</Filter>
    </ClInclude>
    <ClInclude Include="..\Classes\ui\fightResultUIView.h">
      <Filter>ui\layout</Filter>
    </ClInclude>
    <ClInclude Include="..\Classes\ui\fightResultUI.h">
      <Filter>ui\uiLogic</Filter>
    </ClInclude>
    <ClInclude Include="..\Classes\ui\element\ModalDialogView.h">
      <Filter>ui\element</Filter>
    </ClInclude>
    <ClInclude Include="..\..\..\server\Common\Packets\Other\CGBuyActionPointPacket.h">
      <Filter>net\packet\cg</Filter>
    </ClInclude>
    <ClInclude Include="..\..\..\server\Common\Packets\Other\CGSellItemPacket.h">
      <Filter>net\packet\cg</Filter>
    </ClInclude>
    <ClInclude Include="..\Classes\ui\TipUi.h">
      <Filter>ui\uiLogic</Filter>
    </ClInclude>
    <ClInclude Include="..\Classes\ui\TipUiView.h">
      <Filter>ui\layout</Filter>
    </ClInclude>
    <ClInclude Include="..\Classes\ui\element\FightTips.h">
      <Filter>ui\element</Filter>
    </ClInclude>
    <ClInclude Include="..\..\..\server\Common\Packets\Item\GCItemListNotifyPacket.h">
      <Filter>net\packet\gc</Filter>
    </ClInclude>
    <ClInclude Include="..\Classes\ui\HeroEquipUIView.h">
      <Filter>ui\layout</Filter>
    </ClInclude>
    <ClInclude Include="..\Classes\ui\SkillUpgradeEquiUIView.h">
      <Filter>ui\layout</Filter>
    </ClInclude>
    <ClInclude Include="..\Classes\ui\equipmentSellUI.h">
      <Filter>ui\uiLogic</Filter>
    </ClInclude>
    <ClInclude Include="..\Classes\ui\equipmentSellUIView.h">
      <Filter>ui\layout</Filter>
    </ClInclude>
    <ClInclude Include="..\Classes\ui\userInfoUI.h">
      <Filter>ui\uiLogic</Filter>
    </ClInclude>
    <ClInclude Include="..\Classes\ui\userInfoUIView.h">
      <Filter>ui\layout</Filter>
    </ClInclude>
    <ClInclude Include="..\Classes\ui\HeroEquipUI.h">
      <Filter>ui\uiLogic</Filter>
    </ClInclude>
    <ClInclude Include="..\Classes\ui\element\ProgressView.h">
      <Filter>ui\element</Filter>
    </ClInclude>
    <ClInclude Include="..\Classes\datapool\HuoDong.h">
      <Filter>datapool</Filter>
    </ClInclude>
    <ClInclude Include="..\..\..\server\Common\Packets\Other\CGEatCheesePacket.h">
      <Filter>net\packet\cg</Filter>
    </ClInclude>
    <ClInclude Include="..\..\..\server\Common\Packets\Other\CGRefreshCopyScenePacket.h">
      <Filter>net\packet\cg</Filter>
    </ClInclude>
    <ClInclude Include="..\..\..\server\Common\Packets\HuoDong\GCHuoDongListPacket.h">
      <Filter>net\packet\gc</Filter>
    </ClInclude>
    <ClInclude Include="..\..\..\server\Common\Packets\HuoDong\GCHuoDongStateChangePacket.h">
      <Filter>net\packet\gc</Filter>
    </ClInclude>
    <ClInclude Include="..\..\..\server\Common\Packets\HuoDong\CGAskHuoDongListPacket.h">
      <Filter>net\packet\cg</Filter>
    </ClInclude>
    <ClInclude Include="..\Classes\ui\cheeseActivityUIView.h">
      <Filter>ui\layout</Filter>
    </ClInclude>
    <ClInclude Include="..\Classes\ui\cheeseActivityUI.h">
      <Filter>ui\uiLogic</Filter>
    </ClInclude>
    <ClInclude Include="..\Classes\ui\NoticeUi.h">
      <Filter>ui\uiLogic</Filter>
    </ClInclude>
    <ClInclude Include="..\Classes\ui\NoticeUIView.h">
      <Filter>ui\layout</Filter>
    </ClInclude>
    <ClInclude Include="..\..\..\server\Common\Packets\Other\CGBuyBearPointPacket.h">
      <Filter>net\packet\cg</Filter>
    </ClInclude>
    <ClInclude Include="..\Classes\ui\SkillUpgradeEquiUI.h">
      <Filter>ui\uiLogic</Filter>
    </ClInclude>
    <ClInclude Include="..\..\..\Server\Common\Packets\Human\GCChatPacket.h">
      <Filter>net\packet\gc</Filter>
    </ClInclude>
    <ClInclude Include="..\Classes\ui\UserUpgradeUI.h">
      <Filter>ui\uiLogic</Filter>
    </ClInclude>
    <ClInclude Include="..\Classes\ui\UserUpgradeUIView.h">
      <Filter>ui\layout</Filter>
    </ClInclude>
    <ClInclude Include="..\Classes\ui\rechargeUI.h">
      <Filter>ui\uiLogic</Filter>
    </ClInclude>
    <ClInclude Include="..\Classes\ui\rechargeUIView.h">
      <Filter>ui\layout</Filter>
    </ClInclude>
    <ClInclude Include="..\..\..\server\Common\Packets\Arena\GCArenaChallengePrizePacket.h">
      <Filter>net\packet\gc</Filter>
    </ClInclude>
    <ClInclude Include="..\..\..\server\Common\Packets\Charge\GCRetChargePacket.h">
      <Filter>net\packet\gc</Filter>
    </ClInclude>
    <ClInclude Include="..\..\..\server\Common\Packets\Charge\CGAskChargePacket.h">
      <Filter>net\packet\cg</Filter>
    </ClInclude>
    <ClInclude Include="..\Classes\ui\ChatMessageUI.h">
      <Filter>ui\uiLogic</Filter>
    </ClInclude>
    <ClInclude Include="..\Classes\ui\ChatMessageUIView.h">
      <Filter>ui\layout</Filter>
    </ClInclude>
    <ClInclude Include="..\Classes\ui\achievementUIView.h">
      <Filter>ui\layout</Filter>
    </ClInclude>
    <ClInclude Include="..\Classes\ui\achievementUI.h">
      <Filter>ui\uiLogic</Filter>
    </ClInclude>
    <ClInclude Include="..\Classes\datapool\AchievementData.h">
      <Filter>datapool</Filter>
    </ClInclude>
    <ClInclude Include="..\..\..\Server\Common\Packets\Other\CGAskAchievementPacket.h">
      <Filter>net\packet\cg</Filter>
    </ClInclude>
    <ClInclude Include="..\..\..\Server\Common\Packets\Other\CGGetAchievementAwardPacket.h">
      <Filter>net\packet\cg</Filter>
    </ClInclude>
    <ClInclude Include="..\..\..\Server\Common\Packets\Other\GCRetAchievementPacket.h">
      <Filter>net\packet\gc</Filter>
    </ClInclude>
    <ClInclude Include="..\Classes\ui\element\guidelinesLayer.h">
      <Filter>ui\element</Filter>
    </ClInclude>
    <ClInclude Include="..\Classes\datapool\GuideData.h">
      <Filter>datapool</Filter>
    </ClInclude>
    <ClInclude Include="..\..\..\server\Common\Packets\Other\CGFreshGuidePacket.h">
      <Filter>net\packet\cg</Filter>
    </ClInclude>
    <ClInclude Include="..\Classes\ui\element\ActivityView.h">
      <Filter>source</Filter>
    </ClInclude>
    <ClInclude Include="..\Classes\load\ResourceCheck.h">
      <Filter>load</Filter>
    </ClInclude>
    <ClInclude Include="..\Classes\ui\UpdataUi.h">
      <Filter>ui\uiLogic</Filter>
    </ClInclude>
    <ClInclude Include="..\Classes\ui\UpdataView.h">
      <Filter>ui\uiLogic</Filter>
    </ClInclude>
    <ClInclude Include="..\Classes\datapool\QuestData.h">
      <Filter>datapool</Filter>
    </ClInclude>
    <ClInclude Include="..\..\..\server\Common\Packets\Mission\GCAcceptMissionPacket.h">
      <Filter>net\packet\gc</Filter>
    </ClInclude>
    <ClInclude Include="..\..\..\server\Common\Packets\Mission\GCMissionListPacket.h">
      <Filter>net\packet\gc</Filter>
    </ClInclude>
    <ClInclude Include="..\..\..\server\Common\Packets\Mission\GCUpdateMissionPacket.h">
      <Filter>net\packet\gc</Filter>
    </ClInclude>
    <ClInclude Include="..\..\..\server\Common\Packets\Mission\CGAskMissionListPacket.h">
      <Filter>net\packet\cg</Filter>
    </ClInclude>
    <ClInclude Include="..\..\..\server\Common\Packets\Mission\CGSubmitMissionPacket.h">
      <Filter>net\packet\cg</Filter>
    </ClInclude>
    <ClInclude Include="..\Classes\ui\taskInfoUIView.h">
      <Filter>ui\layout</Filter>
    </ClInclude>
    <ClInclude Include="..\Classes\ui\taskInfoUI.h">
      <Filter>ui\uiLogic</Filter>
    </ClInclude>
    <ClInclude Include="..\Classes\base\md5.h">
      <Filter>base</Filter>
    </ClInclude>
    <ClInclude Include="..\Classes\base\pp.h">
      <Filter>base</Filter>
    </ClInclude>
    <ClInclude Include="..\Classes\base\nuts.h">
      <Filter>base</Filter>
    </ClInclude>
    <ClInclude Include="..\Classes\base\sha1.h">
      <Filter>base</Filter>
    </ClInclude>
    <ClInclude Include="..\Classes\ui\userLoginUI.h">
      <Filter>ui\uiLogic</Filter>
    </ClInclude>
    <ClInclude Include="..\Classes\ui\userLoginUIView.h">
      <Filter>ui\layout</Filter>
    </ClInclude>
    <ClInclude Include="..\Classes\ui\element\gameIntroduceLayer.h">
      <Filter>ui\element</Filter>
    </ClInclude>
    <ClInclude Include="..\Classes\ui\heroBaseActivityUIView.h">
      <Filter>ui\layout</Filter>
    </ClInclude>
    <ClInclude Include="..\Classes\ui\heroBaseActivityUI.h">
      <Filter>ui\uiLogic</Filter>
    </ClInclude>
    <ClInclude Include="..\..\..\server\Common\Packets\Arena\CGArenaAskDetailPacket.h">
      <Filter>net\packet\cg</Filter>
    </ClInclude>
    <ClInclude Include="..\..\..\server\Common\Packets\Wood\CGWoodAskPacket.h">
      <Filter>net\packet\cg</Filter>
    </ClInclude>
    <ClInclude Include="..\..\..\server\Common\Packets\Wood\GCWoodRetEnterPacket.h">
      <Filter>net\packet\gc</Filter>
    </ClInclude>
    <ClInclude Include="..\..\..\server\Common\Packets\Wood\GCWoodRobPrizePacket.h">
      <Filter>net\packet\gc</Filter>
    </ClInclude>
    <ClInclude Include="..\..\..\server\Common\Packets\Arena\GCArenaAskEnterRetPacket.h">
      <Filter>net\packet\gc</Filter>
    </ClInclude>
    <ClInclude Include="..\Classes\datapool\WoodData.h">
      <Filter>datapool</Filter>
    </ClInclude>
    <ClInclude Include="..\..\..\server\Common\Packets\Wood\GCWoodRetRobObjPacket.h">
      <Filter>net\packet\gc</Filter>
    </ClInclude>
    <ClInclude Include="..\Classes\ui\OtherheroInfoUI.h">
      <Filter>ui\uiLogic</Filter>
    </ClInclude>
    <ClInclude Include="..\Classes\ui\otherheroInfoUView.h">
      <Filter>ui\layout</Filter>
    </ClInclude>
    <ClInclude Include="..\Classes\object\ObjectFarm.h">
      <Filter>object\player</Filter>
    </ClInclude>
    <ClInclude Include="..\Classes\ui\heroWoodFightChooseUIView.h">
      <Filter>ui\layout</Filter>
    </ClInclude>
    <ClInclude Include="..\Classes\ui\heroWoodFightChooseUI.h">
      <Filter>ui\uiLogic</Filter>
    </ClInclude>
    <ClInclude Include="..\..\..\server\Common\Packets\Wood\CGWoodSetMatrixPacket.h">
      <Filter>net\packet\cg</Filter>
    </ClInclude>
    <ClInclude Include="..\..\..\server\Common\Packets\Other\CGExchangeStonePacket.h">
      <Filter>net\packet\cg</Filter>
    </ClInclude>
    <ClInclude Include="..\..\..\server\Common\Packets\QuJing\GCOpenQuJingUIPacket.h">
      <Filter>net\packet\gc</Filter>
    </ClInclude>
    <ClInclude Include="..\..\..\server\Common\Packets\QuJing\GCQuJingHuSongBroadPacket.h">
      <Filter>net\packet\gc</Filter>
    </ClInclude>
    <ClInclude Include="..\..\..\server\Common\Packets\QuJing\GCQuJingPrizePacket.h">
      <Filter>net\packet\gc</Filter>
    </ClInclude>
    <ClInclude Include="..\..\..\server\Common\Packets\QuJing\GCRetQuJingDataPacket.h">
      <Filter>net\packet\gc</Filter>
    </ClInclude>
    <ClInclude Include="..\..\..\server\Common\Packets\QuJing\CGAskQuJingDataPacket.h">
      <Filter>net\packet\cg</Filter>
    </ClInclude>
    <ClInclude Include="..\..\..\server\Common\Packets\QuJing\CGOpenQuJingUIPacket.h">
      <Filter>net\packet\cg</Filter>
    </ClInclude>
    <ClInclude Include="..\..\..\server\Common\Packets\QuJing\CGQuJingHuSongPacket.h">
      <Filter>net\packet\cg</Filter>
    </ClInclude>
    <ClInclude Include="..\..\..\server\Common\Packets\QuJing\CGQuJingRobPacket.h">
      <Filter>net\packet\cg</Filter>
    </ClInclude>
    <ClInclude Include="..\..\..\server\Common\Packets\QuJing\CGQuJingSetMatrixPacket.h">
      <Filter>net\packet\cg</Filter>
    </ClInclude>
    <ClInclude Include="..\..\..\server\Common\Packets\QuJing\CGQuJingSpeedUpPacket.h">
      <Filter>net\packet\cg</Filter>
    </ClInclude>
    <ClInclude Include="..\..\..\server\Common\Packets\QuJing\CGRefreshQuJingShiZhePacket.h">
      <Filter>net\packet\cg</Filter>
    </ClInclude>
    <ClInclude Include="..\Classes\datapool\QuJingData.h">
      <Filter>datapool</Filter>
    </ClInclude>
    <ClInclude Include="..\Classes\ui\EscortWoodUIView.h">
      <Filter>ui\layout</Filter>
    </ClInclude>
    <ClInclude Include="..\Classes\ui\EscortWoodUI.h">
      <Filter>ui\uiLogic</Filter>
    </ClInclude>
    <ClInclude Include="..\Classes\ui\WoodShiZheUI.h">
      <Filter>ui\uiLogic</Filter>
    </ClInclude>
    <ClInclude Include="..\Classes\ui\WoodShiZheUIView.h">
      <Filter>ui\uiLogic</Filter>
    </ClInclude>
    <ClInclude Include="..\..\..\server\Common\Packets\QuJing\CGRefreshQuJingTangSengPacket.h">
      <Filter>net\packet\cg</Filter>
    </ClInclude>
    <ClInclude Include="..\..\..\server\Common\Packets\Stair\CGStairAskPacket.h">
      <Filter>net\packet\cg</Filter>
    </ClInclude>
    <ClInclude Include="..\..\..\server\Common\Packets\Stair\GCStairMonsterGroupPacket.h">
      <Filter>net\packet\gc</Filter>
    </ClInclude>
    <ClInclude Include="..\..\..\server\Common\Packets\Stair\GCStairPlusPacket.h">
      <Filter>net\packet\gc</Filter>
    </ClInclude>
    <ClInclude Include="..\..\..\server\Common\Packets\Stair\GCStairPrizePacket.h">
      <Filter>net\packet\gc</Filter>
    </ClInclude>
    <ClInclude Include="..\..\..\server\Common\Packets\Stair\GCStairRetEnterPacket.h">
      <Filter>net\packet\gc</Filter>
    </ClInclude>
    <ClInclude Include="..\Classes\datapool\BloodData.h">
      <Filter>datapool</Filter>
    </ClInclude>
    <ClInclude Include="..\Classes\base\Sdk_Handler.h">
      <Filter>base</Filter>
    </ClInclude>
    <ClInclude Include="..\Classes\ui\placardUIView.h">
      <Filter>ui\layout</Filter>
    </ClInclude>
    <ClInclude Include="..\Classes\ui\placardUI.h">
      <Filter>ui\uiLogic</Filter>
    </ClInclude>
    <ClInclude Include="..\..\..\server\Common\Packets\Other\CGRockHeroPacket.h">
      <Filter>net\packet\cg</Filter>
    </ClInclude>
    <ClInclude Include="..\..\..\server\Common\Packets\Other\CGGetGiftpackCardPacket.h">
      <Filter>net\packet\cg</Filter>
    </ClInclude>
    <ClInclude Include="..\Classes\ui\giftDetailUIView.h">
      <Filter>ui\layout</Filter>
    </ClInclude>
    <ClInclude Include="..\Classes\ui\giftDetailUI.h">
      <Filter>ui\uiLogic</Filter>
    </ClInclude>
    <ClInclude Include="..\..\..\server\Common\Packets\Mail\CGMailReadAllPacket.h">
      <Filter>net\packet\cg</Filter>
    </ClInclude>
    <ClInclude Include="..\..\..\server\Common\Packets\Mail\CGMailDelAllPacket.h">
      <Filter>net\packet\cg</Filter>
    </ClInclude>
  </ItemGroup>
  <ItemGroup>
    <ClCompile Include="main.cpp">
      <Filter>source</Filter>
    </ClCompile>
    <ClCompile Include="..\Classes\AppDelegate.cpp">
      <Filter>source</Filter>
    </ClCompile>
    <ClCompile Include="..\Classes\net\PacketExecute.cpp">
      <Filter>net</Filter>
    </ClCompile>
    <ClCompile Include="..\Classes\net\PacketClientFactoryManager.cpp">
      <Filter>net</Filter>
    </ClCompile>
    <ClCompile Include="..\Classes\timer\SystemTimer.cpp">
      <Filter>timer</Filter>
    </ClCompile>
    <ClCompile Include="..\Classes\Game.cpp">
      <Filter>source</Filter>
    </ClCompile>
    <ClCompile Include="..\Classes\game\MainGame.cpp">
      <Filter>game</Filter>
    </ClCompile>
    <ClCompile Include="..\Classes\event\EventSystem.cpp">
      <Filter>event</Filter>
    </ClCompile>
    <ClCompile Include="..\Classes\ui\UISystem.cpp">
      <Filter>ui</Filter>
    </ClCompile>
    <ClCompile Include="..\Classes\ui\ui.cpp">
      <Filter>ui</Filter>
    </ClCompile>
    <ClCompile Include="..\Classes\database\DataBase.cpp">
      <Filter>database</Filter>
    </ClCompile>
    <ClCompile Include="..\Classes\database\DataBaseSystem.cpp">
      <Filter>database</Filter>
    </ClCompile>
    <ClCompile Include="..\Classes\database\DBFile.cpp">
      <Filter>database</Filter>
    </ClCompile>
    <ClCompile Include="..\Classes\base\UtilTools.cpp">
      <Filter>base</Filter>
    </ClCompile>
    <ClCompile Include="..\Classes\load\ResourceSystem.cpp">
      <Filter>load</Filter>
    </ClCompile>
    <ClCompile Include="..\Classes\ui\SceneManger.cpp">
      <Filter>ui</Filter>
    </ClCompile>
    <ClCompile Include="..\Classes\sound\SoundSystem.cpp">
      <Filter>sound</Filter>
    </ClCompile>
    <ClCompile Include="..\Classes\base\xString.cpp">
      <Filter>base</Filter>
    </ClCompile>
    <ClCompile Include="..\Classes\netlib\Src\InputStream.cpp">
      <Filter>netlib</Filter>
    </ClCompile>
    <ClCompile Include="..\Classes\netlib\Src\OutputStream.cpp">
      <Filter>netlib</Filter>
    </ClCompile>
    <ClCompile Include="..\Classes\netlib\Src\Socket.cpp">
      <Filter>netlib</Filter>
    </ClCompile>
    <ClCompile Include="..\Classes\netlib\Src\SocketClient.cpp">
      <Filter>netlib</Filter>
    </ClCompile>
    <ClCompile Include="..\Classes\netlib\Src\SocketInterface.cpp">
      <Filter>netlib</Filter>
    </ClCompile>
    <ClCompile Include="..\Classes\netlib\Src\SocketServer.cpp">
      <Filter>netlib</Filter>
    </ClCompile>
    <ClCompile Include="..\Classes\netlib\Src\SocketStream.cpp">
      <Filter>netlib</Filter>
    </ClCompile>
    <ClCompile Include="..\Classes\datapool\DataPool.cpp">
      <Filter>datapool</Filter>
    </ClCompile>
    <ClCompile Include="..\..\..\server\Common\Packets\Login\GCRetRolelistPacket.cpp">
      <Filter>net\packet\gc</Filter>
    </ClCompile>
    <ClCompile Include="..\..\..\server\ServerCommon\ServerAssert.cpp">
      <Filter>common</Filter>
    </ClCompile>
    <ClCompile Include="..\Classes\packetexecute\GCTimePacketHandler.cpp">
      <Filter>packetexecute</Filter>
    </ClCompile>
    <ClCompile Include="..\..\..\server\Common\Packets\GCTimePacket.cpp">
      <Filter>net\packet\gc</Filter>
    </ClCompile>
    <ClCompile Include="..\..\..\server\Common\Packets\Login\CGAskEnterScenePacket.cpp">
      <Filter>net\packet\cg</Filter>
    </ClCompile>
    <ClCompile Include="..\..\..\server\Common\Packets\Login\CGAskRolelistPacket.cpp">
      <Filter>net\packet\cg</Filter>
    </ClCompile>
    <ClCompile Include="..\..\..\server\Common\Packets\Login\CGAskUserDataPacket.cpp">
      <Filter>net\packet\cg</Filter>
    </ClCompile>
    <ClCompile Include="..\..\..\server\Common\Packets\Login\CGCreateRolePacket.cpp">
      <Filter>net\packet\cg</Filter>
    </ClCompile>
    <ClCompile Include="..\..\..\server\Common\Packets\CGHeartBeatPacket.cpp">
      <Filter>net\packet\cg</Filter>
    </ClCompile>
    <ClCompile Include="..\Classes\packetexecute\GCGameResultPacketHandler.cpp">
      <Filter>packetexecute</Filter>
    </ClCompile>
    <ClCompile Include="..\Classes\ui\loginView.cpp">
      <Filter>ui\layout</Filter>
    </ClCompile>
    <ClCompile Include="..\Classes\ui\logoView.cpp">
      <Filter>ui\layout</Filter>
    </ClCompile>
    <ClCompile Include="..\Classes\ui\logoUi.cpp">
      <Filter>ui\uiLogic</Filter>
    </ClCompile>
    <ClCompile Include="..\Classes\ui\loginUi.cpp">
      <Filter>ui\uiLogic</Filter>
    </ClCompile>
    <ClCompile Include="..\Classes\ui\selectRoleView.cpp">
      <Filter>ui\layout</Filter>
    </ClCompile>
    <ClCompile Include="..\Classes\ui\selectRoleUi.cpp">
      <Filter>ui\uiLogic</Filter>
    </ClCompile>
    <ClCompile Include="..\..\..\server\Common\Packets\Login\GCRetEnterScenePacket.cpp">
      <Filter>net\packet\gc</Filter>
    </ClCompile>
    <ClCompile Include="..\..\..\server\Common\Packets\Login\GCRetUserDataReadyPacket.cpp">
      <Filter>net\packet\gc</Filter>
    </ClCompile>
    <ClCompile Include="..\..\..\server\Common\Packets\GCGameResultPacket.cpp">
      <Filter>net\packet\gc</Filter>
    </ClCompile>
    <ClCompile Include="..\Classes\object\Object.cpp">
      <Filter>object</Filter>
    </ClCompile>
    <ClCompile Include="..\Classes\object\PlayerData.cpp">
      <Filter>object\player</Filter>
    </ClCompile>
    <ClCompile Include="..\Classes\object\ObjectManager.cpp">
      <Filter>object</Filter>
    </ClCompile>
    <ClCompile Include="..\Classes\object\ObjectPlayer.cpp">
      <Filter>object\player</Filter>
    </ClCompile>
    <ClCompile Include="..\Classes\object\ObjectSelf.cpp">
      <Filter>object\player</Filter>
    </ClCompile>
    <ClCompile Include="..\Classes\object\Item.cpp">
      <Filter>object\Item</Filter>
    </ClCompile>
    <ClCompile Include="..\Classes\ui\element\LogicTouchItem.cpp">
      <Filter>ui\element</Filter>
    </ClCompile>
    <ClCompile Include="..\Classes\ui\element\mainNavgView.cpp">
      <Filter>ui\element</Filter>
    </ClCompile>
    <ClCompile Include="..\Classes\ui\element\mainSatusView.cpp">
      <Filter>ui\element</Filter>
    </ClCompile>
    <ClCompile Include="..\Classes\ui\ActivitiesUView.cpp">
      <Filter>ui\layout</Filter>
    </ClCompile>
    <ClCompile Include="..\Classes\ui\mainPageUView.cpp">
      <Filter>ui\layout</Filter>
    </ClCompile>
    <ClCompile Include="..\Classes\ui\mainPageUI.cpp">
      <Filter>ui\uiLogic</Filter>
    </ClCompile>
    <ClCompile Include="..\Classes\ui\ActivitiesUI.cpp">
      <Filter>ui\uiLogic</Filter>
    </ClCompile>
    <ClCompile Include="..\Classes\ui\battleFieldUI.cpp">
      <Filter>ui\uiLogic</Filter>
    </ClCompile>
    <ClCompile Include="..\Classes\ui\battleFieldUIView.cpp">
      <Filter>ui\layout</Filter>
    </ClCompile>
    <ClCompile Include="..\Classes\datapool\SelfBagData.cpp">
      <Filter>datapool</Filter>
    </ClCompile>
    <ClCompile Include="..\..\..\server\Common\XStdio.cpp">
      <Filter>common</Filter>
    </ClCompile>
    <ClCompile Include="..\Classes\object\MonsterData.cpp">
      <Filter>object\monster</Filter>
    </ClCompile>
    <ClCompile Include="..\Classes\object\ObjectMonster.cpp">
      <Filter>object\monster</Filter>
    </ClCompile>
    <ClCompile Include="..\Classes\object\ItemCommon.cpp">
      <Filter>object\Item</Filter>
    </ClCompile>
    <ClCompile Include="..\Classes\object\ItemEquip.cpp">
      <Filter>object\Item</Filter>
    </ClCompile>
    <ClCompile Include="..\Classes\packetexecute\GCRetEnterScenePacketHandler.cpp">
      <Filter>packetexecute\login</Filter>
    </ClCompile>
    <ClCompile Include="..\Classes\packetexecute\GCRetRolelistPacketHandler.cpp">
      <Filter>packetexecute\login</Filter>
    </ClCompile>
    <ClCompile Include="..\Classes\packetexecute\GCRetUserDataReadyPacketHandler.cpp">
      <Filter>packetexecute\login</Filter>
    </ClCompile>
    <ClCompile Include="..\Classes\packetexecute\GCHeroDeletePacketHandler.cpp">
      <Filter>packetexecute\hero</Filter>
    </ClCompile>
    <ClCompile Include="..\Classes\packetexecute\GCHeroDetailAttrPacketHandler.cpp">
      <Filter>packetexecute\hero</Filter>
    </ClCompile>
    <ClCompile Include="..\Classes\packetexecute\GCHeroPosChangePacketHandler.cpp">
      <Filter>packetexecute\hero</Filter>
    </ClCompile>
    <ClCompile Include="..\Classes\packetexecute\GCNewHeroListPacketHandler.cpp">
      <Filter>packetexecute\hero</Filter>
    </ClCompile>
    <ClCompile Include="..\..\..\server\Common\Packets\Hero\CGAskHeroListPacket.cpp">
      <Filter>net\packet\cg</Filter>
    </ClCompile>
    <ClCompile Include="..\..\..\server\Common\Packets\Hero\CGImproveHeroPacket.cpp">
      <Filter>net\packet\cg</Filter>
    </ClCompile>
    <ClCompile Include="..\..\..\server\Common\Packets\Hero\CGRecruitHeroPacket.cpp">
      <Filter>net\packet\cg</Filter>
    </ClCompile>
    <ClCompile Include="..\Classes\packetexecute\GCRetHumanDetailAttrPacketHandler.cpp">
      <Filter>packetexecute\Human</Filter>
    </ClCompile>
    <ClCompile Include="..\Classes\packetexecute\GCItemDeletePacketHandler.cpp">
      <Filter>packetexecute\Item</Filter>
    </ClCompile>
    <ClCompile Include="..\Classes\packetexecute\GCItemInfoPacketHandler.cpp">
      <Filter>packetexecute\Item</Filter>
    </ClCompile>
    <ClCompile Include="..\Classes\packetexecute\GCItemPosChangePacketHandler.cpp">
      <Filter>packetexecute\Item</Filter>
    </ClCompile>
    <ClCompile Include="..\Classes\packetexecute\GCNewItemListPacketHandler.cpp">
      <Filter>packetexecute\Item</Filter>
    </ClCompile>
    <ClCompile Include="..\Classes\packetexecute\GCSwapItemPacketHandler.cpp">
      <Filter>packetexecute\Item</Filter>
    </ClCompile>
    <ClCompile Include="..\Classes\object\ItemGem.cpp">
      <Filter>object\Item</Filter>
    </ClCompile>
    <ClCompile Include="..\Classes\object\ItemTask.cpp">
      <Filter>object\Item</Filter>
    </ClCompile>
    <ClCompile Include="..\Classes\object\ObjectHero.cpp">
      <Filter>object\player</Filter>
    </ClCompile>
    <ClCompile Include="..\Classes\object\ObjectSkill.cpp">
      <Filter>object\skill</Filter>
    </ClCompile>
    <ClCompile Include="..\Classes\game\SendPacket.cpp">
      <Filter>game</Filter>
    </ClCompile>
    <ClCompile Include="..\..\..\server\Common\Packets\Human\CGAskHumanDetailAttrPacket.cpp">
      <Filter>net\packet\cg</Filter>
    </ClCompile>
    <ClCompile Include="..\..\..\server\Common\Packets\Item\CGAskItemListPacket.cpp">
      <Filter>net\packet\cg</Filter>
    </ClCompile>
    <ClCompile Include="..\..\..\server\Common\Packets\Item\CGDropItemPacket.cpp">
      <Filter>net\packet\cg</Filter>
    </ClCompile>
    <ClCompile Include="..\..\..\server\Common\Packets\Item\CGMoveItemPacket.cpp">
      <Filter>net\packet\cg</Filter>
    </ClCompile>
    <ClCompile Include="..\..\..\server\Common\Packets\Item\CGUseItemPacket.cpp">
      <Filter>net\packet\cg</Filter>
    </ClCompile>
    <ClCompile Include="..\..\..\server\Common\Packets\Item\GCItemDeletePacket.cpp">
      <Filter>net\packet\gc</Filter>
    </ClCompile>
    <ClCompile Include="..\..\..\server\Common\Packets\Item\GCItemInfoPacket.cpp">
      <Filter>net\packet\gc</Filter>
    </ClCompile>
    <ClCompile Include="..\..\..\server\Common\Packets\Item\GCItemPosChangePacket.cpp">
      <Filter>net\packet\gc</Filter>
    </ClCompile>
    <ClCompile Include="..\..\..\server\Common\Packets\Item\GCNewItemListPacket.cpp">
      <Filter>net\packet\gc</Filter>
    </ClCompile>
    <ClCompile Include="..\..\..\server\Common\Packets\Item\GCSwapItemPacket.cpp">
      <Filter>net\packet\gc</Filter>
    </ClCompile>
    <ClCompile Include="..\..\..\server\Common\Packets\Human\GCRetHumanDetailAttrPacket.cpp">
      <Filter>net\packet\gc</Filter>
    </ClCompile>
    <ClCompile Include="..\..\..\server\Common\Packets\Hero\GCHeroDeletePacket.cpp">
      <Filter>net\packet\gc</Filter>
    </ClCompile>
    <ClCompile Include="..\..\..\server\Common\Packets\Hero\GCHeroDetailAttrPacket.cpp">
      <Filter>net\packet\gc</Filter>
    </ClCompile>
    <ClCompile Include="..\..\..\server\Common\Packets\Hero\GCHeroPosChangePacket.cpp">
      <Filter>net\packet\gc</Filter>
    </ClCompile>
    <ClCompile Include="..\..\..\server\Common\Packets\Hero\GCNewHeroListPacket.cpp">
      <Filter>net\packet\gc</Filter>
    </ClCompile>
    <ClCompile Include="..\..\..\server\Common\ItemData.cpp">
      <Filter>common</Filter>
    </ClCompile>
    <ClCompile Include="..\Classes\ui\heroRecruitUView.cpp">
      <Filter>ui\layout</Filter>
    </ClCompile>
    <ClCompile Include="..\Classes\ui\heroRecruitUI.cpp">
      <Filter>ui\uiLogic</Filter>
    </ClCompile>
    <ClCompile Include="..\Classes\ui\heroBookUView.cpp">
      <Filter>ui\layout</Filter>
    </ClCompile>
    <ClCompile Include="..\Classes\ui\heroBookUI.cpp">
      <Filter>ui\uiLogic</Filter>
    </ClCompile>
    <ClCompile Include="..\Classes\ui\element\CCMenuEx.cpp">
      <Filter>ui\element</Filter>
    </ClCompile>
    <ClCompile Include="..\Classes\ui\element\CCScrollViewEx.cpp">
      <Filter>ui\element</Filter>
    </ClCompile>
    <ClCompile Include="..\Classes\ui\secretStoreUI.cpp">
      <Filter>ui\uiLogic</Filter>
    </ClCompile>
    <ClCompile Include="..\Classes\game\GameHelper.cpp">
      <Filter>game</Filter>
    </ClCompile>
    <ClCompile Include="..\..\..\server\Common\GameUtil.cpp">
      <Filter>common</Filter>
    </ClCompile>
    <ClCompile Include="..\Classes\datapool\ShopData.cpp">
      <Filter>datapool</Filter>
    </ClCompile>
    <ClCompile Include="..\Classes\packetexecute\GCFightInfoPacketHandler.cpp">
      <Filter>packetexecute\Fight</Filter>
    </ClCompile>
    <ClCompile Include="..\Classes\datapool\HeartBeatData.cpp">
      <Filter>datapool</Filter>
    </ClCompile>
    <ClCompile Include="..\..\..\server\Common\Packets\Hero\CGDistribHeroBearpointPacket.cpp">
      <Filter>net\packet\cg</Filter>
    </ClCompile>
    <ClCompile Include="..\Classes\ui\loadDistributeUI.cpp">
      <Filter>ui\uiLogic</Filter>
    </ClCompile>
    <ClCompile Include="..\Classes\ui\loadDistributeUView.cpp">
      <Filter>ui\layout</Filter>
    </ClCompile>
    <ClCompile Include="..\Classes\ui\heroInfoUI.cpp">
      <Filter>ui\uiLogic</Filter>
    </ClCompile>
    <ClCompile Include="..\Classes\ui\heroInfoUView.cpp">
      <Filter>ui\layout</Filter>
    </ClCompile>
    <ClCompile Include="..\Classes\ui\heroFightChooseUView.cpp">
      <Filter>ui\layout</Filter>
    </ClCompile>
    <ClCompile Include="..\Classes\ui\heroFightChooseUI.cpp">
      <Filter>ui\uiLogic</Filter>
    </ClCompile>
    <ClCompile Include="..\..\..\server\Common\Packets\Other\CGBuyShopItemPacket.cpp">
      <Filter>net\packet\cg</Filter>
    </ClCompile>
    <ClCompile Include="..\..\..\server\Common\Packets\Human\CGSetMatrixObjectPacket.cpp">
      <Filter>net\packet\cg</Filter>
    </ClCompile>
    <ClCompile Include="..\Classes\ui\bagOwnUView.cpp">
      <Filter>ui\layout</Filter>
    </ClCompile>
    <ClCompile Include="..\Classes\ui\bagOwnUI.cpp">
      <Filter>ui\uiLogic</Filter>
    </ClCompile>
    <ClCompile Include="..\Classes\ui\teamListUI.cpp">
      <Filter>ui\uiLogic</Filter>
    </ClCompile>
    <ClCompile Include="..\Classes\ui\equipmentInspectUI.cpp">
      <Filter>ui\uiLogic</Filter>
    </ClCompile>
    <ClCompile Include="..\Classes\ui\secretStoreUIView.cpp">
      <Filter>ui\layout</Filter>
    </ClCompile>
    <ClCompile Include="..\Classes\ui\equipmentAllUIView.cpp">
      <Filter>ui\layout</Filter>
    </ClCompile>
    <ClCompile Include="..\Classes\ui\equipmentAllUI.cpp">
      <Filter>ui\uiLogic</Filter>
    </ClCompile>
    <ClCompile Include="..\Classes\ui\element\SkillAnimation.cpp">
      <Filter>ui\element</Filter>
    </ClCompile>
    <ClCompile Include="..\..\..\server\Common\Packets\Fight\CGAskFightPacket.cpp">
      <Filter>net\packet\cg</Filter>
    </ClCompile>
    <ClCompile Include="..\..\..\server\Common\Packets\Fight\GCFightInfoPacket.cpp">
      <Filter>net\packet\gc</Filter>
    </ClCompile>
    <ClCompile Include="..\Classes\datapool\BattleInfo.cpp">
      <Filter>datapool\battle</Filter>
    </ClCompile>
    <ClCompile Include="..\Classes\datapool\BattleData.cpp">
      <Filter>datapool\battle</Filter>
    </ClCompile>
    <ClCompile Include="..\Classes\packetexecute\GCChatPacketHandler.cpp">
      <Filter>packetexecute\chat</Filter>
    </ClCompile>
    <ClCompile Include="..\Classes\datapool\ChatData.cpp">
      <Filter>datapool</Filter>
    </ClCompile>
    <ClCompile Include="..\..\..\server\Common\Packets\Human\CGChatPacket.cpp">
      <Filter>net\packet\cg</Filter>
    </ClCompile>
    <ClCompile Include="..\Classes\datapool\EquipOperator.cpp">
      <Filter>datapool</Filter>
    </ClCompile>
    <ClCompile Include="..\Classes\ui\teamListUIView.cpp">
      <Filter>ui\layout</Filter>
    </ClCompile>
    <ClCompile Include="..\Classes\ui\heroEvolveUView.cpp">
      <Filter>ui\layout</Filter>
    </ClCompile>
    <ClCompile Include="..\Classes\ui\heroEvolveUI.cpp">
      <Filter>ui\uiLogic</Filter>
    </ClCompile>
    <ClCompile Include="..\..\..\server\Common\Packets\Human\CGEquipManufacturePacket.cpp">
      <Filter>net\packet\cg</Filter>
    </ClCompile>
    <ClCompile Include="..\Classes\ui\equipmentInspectUIView.cpp">
      <Filter>ui\layout</Filter>
    </ClCompile>
    <ClCompile Include="..\Classes\ui\heroUpgradeUIView.cpp">
      <Filter>ui\layout</Filter>
    </ClCompile>
    <ClCompile Include="..\Classes\ui\heroUpgradeUI.cpp">
      <Filter>ui\uiLogic</Filter>
    </ClCompile>
    <ClCompile Include="..\Classes\datapool\HeroOperator.cpp">
      <Filter>datapool</Filter>
    </ClCompile>
    <ClCompile Include="..\Classes\ui\skillInspectUIView.cpp">
      <Filter>ui\layout</Filter>
    </ClCompile>
    <ClCompile Include="..\Classes\ui\skillInspectUI.cpp">
      <Filter>ui\uiLogic</Filter>
    </ClCompile>
    <ClCompile Include="..\..\..\server\Common\Packets\Other\CGAskSkillLevelUpPacket.cpp">
      <Filter>net\packet\cg</Filter>
    </ClCompile>
    <ClCompile Include="..\Classes\ui\settingUView.cpp">
      <Filter>ui\layout</Filter>
    </ClCompile>
    <ClCompile Include="..\Classes\ui\settingUI.cpp">
      <Filter>ui\uiLogic</Filter>
    </ClCompile>
    <ClCompile Include="..\Classes\ui\levelListUI.cpp">
      <Filter>ui\uiLogic</Filter>
    </ClCompile>
    <ClCompile Include="..\Classes\ui\levelListUView.cpp">
      <Filter>ui\layout</Filter>
    </ClCompile>
    <ClCompile Include="..\Classes\datapool\SettingData.cpp">
      <Filter>datapool</Filter>
    </ClCompile>
    <ClCompile Include="..\Classes\datapool\CopySceneData.cpp">
      <Filter>datapool</Filter>
    </ClCompile>
    <ClCompile Include="..\Classes\packetexecute\GCCopySceneHandler.cpp">
      <Filter>packetexecute\Fight</Filter>
    </ClCompile>
    <ClCompile Include="..\..\..\server\Common\Packets\Fight\CGAskCopySceneListPacket.cpp">
      <Filter>net\packet\cg</Filter>
    </ClCompile>
    <ClCompile Include="..\..\..\server\Common\Packets\Fight\GCRetCopySceneListPacket.cpp">
      <Filter>net\packet\gc</Filter>
    </ClCompile>
    <ClCompile Include="..\..\..\server\Common\Packets\Fight\GCUpdateCopyScenePacket.cpp">
      <Filter>net\packet\gc</Filter>
    </ClCompile>
    <ClCompile Include="..\..\..\server\Common\Packets\Mail\CGMailAskOpenPacket.cpp">
      <Filter>net\packet\cg</Filter>
    </ClCompile>
    <ClCompile Include="..\..\..\server\Common\Packets\Mail\CGMailDelPacket.cpp">
      <Filter>net\packet\cg</Filter>
    </ClCompile>
    <ClCompile Include="..\..\..\server\Common\Packets\Mail\CGMailReadPacket.cpp">
      <Filter>net\packet\cg</Filter>
    </ClCompile>
    <ClCompile Include="..\..\..\server\Common\Packets\Mail\CGMailWritePacket.cpp">
      <Filter>net\packet\cg</Filter>
    </ClCompile>
    <ClCompile Include="..\Classes\packetexecute\GCMailHandler.cpp">
      <Filter>packetexecute</Filter>
    </ClCompile>
    <ClCompile Include="..\Classes\datapool\MailData.cpp">
      <Filter>datapool</Filter>
    </ClCompile>
    <ClCompile Include="..\..\..\server\Common\Packets\Mail\GCMailNotifyPacket.cpp">
      <Filter>net\packet\gc</Filter>
    </ClCompile>
    <ClCompile Include="..\..\..\server\Common\Packets\Mail\GCMailOpenPacket.cpp">
      <Filter>net\packet\gc</Filter>
    </ClCompile>
    <ClCompile Include="..\Classes\ui\messageUI.cpp">
      <Filter>ui\uiLogic</Filter>
    </ClCompile>
    <ClCompile Include="..\Classes\ui\messageUView.cpp">
      <Filter>ui\layout</Filter>
    </ClCompile>
    <ClCompile Include="..\Classes\ui\rankListUView.cpp">
      <Filter>ui\layout</Filter>
    </ClCompile>
    <ClCompile Include="..\Classes\ui\rankListUI.cpp">
      <Filter>ui\uiLogic</Filter>
    </ClCompile>
    <ClCompile Include="..\Classes\ui\altarUView.cpp">
      <Filter>ui\layout</Filter>
    </ClCompile>
    <ClCompile Include="..\Classes\ui\altarUI.cpp">
      <Filter>ui\uiLogic</Filter>
    </ClCompile>
    <ClCompile Include="..\Classes\datapool\SportsData.cpp">
      <Filter>datapool</Filter>
    </ClCompile>
    <ClCompile Include="..\Classes\datapool\HeroAltarData.cpp">
      <Filter>datapool</Filter>
    </ClCompile>
    <ClCompile Include="..\Classes\datapool\WalkMapData.cpp">
      <Filter>datapool</Filter>
    </ClCompile>
    <ClCompile Include="..\..\..\server\Common\Packets\Other\CGSacrificePacket.cpp">
      <Filter>net\packet\cg</Filter>
    </ClCompile>
    <ClCompile Include="..\Classes\packetexecute\GCArenaAskEnterRetPacketHandler.cpp">
      <Filter>packetexecute</Filter>
    </ClCompile>
    <ClCompile Include="..\..\..\server\Common\Packets\Arena\CGArenaAskEnterPacket.cpp">
      <Filter>net\packet\cg</Filter>
    </ClCompile>
    <ClCompile Include="..\..\..\server\Common\Packets\Arena\CGArenaChallengePacket.cpp">
      <Filter>net\packet\cg</Filter>
    </ClCompile>
    <ClCompile Include="..\Classes\ui\fightResultUView.cpp">
      <Filter>ui\layout</Filter>
    </ClCompile>
    <ClCompile Include="..\Classes\ui\fightResultUI.cpp">
      <Filter>ui\uiLogic</Filter>
    </ClCompile>
    <ClCompile Include="..\Classes\ui\element\ModalDialogView.cpp">
      <Filter>ui\element</Filter>
    </ClCompile>
    <ClCompile Include="..\..\..\server\Common\Packets\Other\CGBuyActionPointPacket.cpp">
      <Filter>net\packet\cg</Filter>
    </ClCompile>
    <ClCompile Include="..\..\..\server\Common\Packets\Other\CGSellItemPacket.cpp">
      <Filter>net\packet\cg</Filter>
    </ClCompile>
    <ClCompile Include="..\Classes\ui\TipUi.cpp">
      <Filter>ui\uiLogic</Filter>
    </ClCompile>
    <ClCompile Include="..\Classes\ui\TipUiView.cpp">
      <Filter>ui\layout</Filter>
    </ClCompile>
    <ClCompile Include="..\Classes\ui\element\FightTips.cpp">
      <Filter>ui\element</Filter>
    </ClCompile>
    <ClCompile Include="..\Classes\datapool\loginData.cpp">
      <Filter>datapool</Filter>
    </ClCompile>
    <ClCompile Include="..\..\..\server\Common\Packets\Item\GCItemListNotifyPacket.cpp">
      <Filter>net\packet\gc</Filter>
    </ClCompile>
    <ClCompile Include="..\Classes\ui\HeroEquipUIView.cpp">
      <Filter>ui\layout</Filter>
    </ClCompile>
    <ClCompile Include="..\Classes\ui\SkillUpgradeEquiUIView.cpp">
      <Filter>ui\layout</Filter>
    </ClCompile>
    <ClCompile Include="..\Classes\ui\equipmentSellUI.cpp">
      <Filter>ui\uiLogic</Filter>
    </ClCompile>
    <ClCompile Include="..\Classes\ui\equipmentSellUIView.cpp">
      <Filter>ui\layout</Filter>
    </ClCompile>
    <ClCompile Include="..\Classes\ui\userInfoUI.cpp">
      <Filter>ui\uiLogic</Filter>
    </ClCompile>
    <ClCompile Include="..\Classes\ui\userInfoUIView.cpp">
      <Filter>ui\layout</Filter>
    </ClCompile>
    <ClCompile Include="..\Classes\ui\HeroEquipUI.cpp">
      <Filter>ui\uiLogic</Filter>
    </ClCompile>
    <ClCompile Include="..\Classes\ui\element\ProgressView.cpp">
      <Filter>ui\element</Filter>
    </ClCompile>
    <ClCompile Include="..\Classes\packetexecute\GCHuoDongPacketHandler.cpp">
      <Filter>packetexecute\huodong</Filter>
    </ClCompile>
    <ClCompile Include="..\Classes\datapool\HuoDong.cpp">
      <Filter>datapool</Filter>
    </ClCompile>
    <ClCompile Include="..\..\..\server\Common\Packets\Other\CGEatCheesePacket.cpp">
      <Filter>net\packet\cg</Filter>
    </ClCompile>
    <ClCompile Include="..\..\..\server\Common\Packets\Other\CGRefreshCopyScenePacket.cpp">
      <Filter>net\packet\cg</Filter>
    </ClCompile>
    <ClCompile Include="..\..\..\server\Common\Packets\HuoDong\GCHuoDongListPacket.cpp">
      <Filter>net\packet\gc</Filter>
    </ClCompile>
    <ClCompile Include="..\..\..\server\Common\Packets\HuoDong\GCHuoDongStateChangePacket.cpp">
      <Filter>net\packet\gc</Filter>
    </ClCompile>
    <ClCompile Include="..\..\..\server\Common\Packets\HuoDong\CGAskHuoDongListPacket.cpp">
      <Filter>net\packet\cg</Filter>
    </ClCompile>
    <ClCompile Include="..\Classes\ui\cheeseActivityUIView.cpp">
      <Filter>ui\layout</Filter>
    </ClCompile>
    <ClCompile Include="..\Classes\ui\cheeseActivityUI.cpp">
      <Filter>ui\uiLogic</Filter>
    </ClCompile>
    <ClCompile Include="..\Classes\ui\NoticeUi.cpp">
      <Filter>ui\uiLogic</Filter>
    </ClCompile>
    <ClCompile Include="..\Classes\ui\NoticeUIView.cpp">
      <Filter>ui\layout</Filter>
    </ClCompile>
    <ClCompile Include="..\Classes\ui\element\ActivityView.cpp">
      <Filter>source</Filter>
    </ClCompile>
    <ClCompile Include="..\..\..\server\Common\Packets\Other\CGBuyBearPointPacket.cpp">
      <Filter>net\packet\cg</Filter>
    </ClCompile>
    <ClCompile Include="..\Classes\ui\SkillUpgradeEquiUI.cpp">
      <Filter>ui\uiLogic</Filter>
    </ClCompile>
    <ClCompile Include="..\..\..\Server\Common\Packets\Human\GCChatPacket.cpp">
      <Filter>net\packet\gc</Filter>
    </ClCompile>
    <ClCompile Include="..\Classes\ui\UserUpgradeUI.cpp">
      <Filter>ui\uiLogic</Filter>
    </ClCompile>
    <ClCompile Include="..\Classes\ui\UserUpgradeUIUView.cpp">
      <Filter>ui\layout</Filter>
    </ClCompile>
    <ClCompile Include="..\Classes\ui\rechargeUI.cpp">
      <Filter>ui\uiLogic</Filter>
    </ClCompile>
    <ClCompile Include="..\Classes\ui\rechargeUIView.cpp">
      <Filter>ui\layout</Filter>
    </ClCompile>
    <ClCompile Include="..\..\..\server\Common\Packets\Arena\GCArenaChallengePrizePacket.cpp">
      <Filter>net\packet\gc</Filter>
    </ClCompile>
    <ClCompile Include="..\..\..\server\Common\Packets\Charge\GCRetChargePacket.cpp">
      <Filter>net\packet\gc</Filter>
    </ClCompile>
    <ClCompile Include="..\..\..\server\Common\Packets\Charge\CGAskChargePacket.cpp">
      <Filter>net\packet\cg</Filter>
    </ClCompile>
    <ClCompile Include="..\Classes\ui\ChatMessageUI.cpp">
      <Filter>ui\uiLogic</Filter>
    </ClCompile>
    <ClCompile Include="..\Classes\ui\ChatMessageUIView.cpp">
      <Filter>ui\layout</Filter>
    </ClCompile>
    <ClCompile Include="..\Classes\ui\achievementUIView.cpp">
      <Filter>ui\layout</Filter>
    </ClCompile>
    <ClCompile Include="..\Classes\ui\achievementUI.cpp">
      <Filter>ui\uiLogic</Filter>
    </ClCompile>
    <ClCompile Include="..\Classes\datapool\AchievementData.cpp">
      <Filter>datapool</Filter>
    </ClCompile>
    <ClCompile Include="..\..\..\Server\Common\Packets\Other\CGAskAchievementPacket.cpp">
      <Filter>net\packet\cg</Filter>
    </ClCompile>
    <ClCompile Include="..\..\..\Server\Common\Packets\Other\CGGetAchievementAwardPacket.cpp">
      <Filter>net\packet\cg</Filter>
    </ClCompile>
    <ClCompile Include="..\..\..\Server\Common\Packets\Other\GCRetAchievementPacket.cpp">
      <Filter>net\packet\gc</Filter>
    </ClCompile>
    <ClCompile Include="..\Classes\ui\element\guidelinesLayer.cpp">
      <Filter>ui\element</Filter>
    </ClCompile>
    <ClCompile Include="..\Classes\datapool\GuideData.cpp">
      <Filter>datapool</Filter>
    </ClCompile>
    <ClCompile Include="..\..\..\server\Common\Packets\Other\CGFreshGuidePacket.cpp">
      <Filter>net\packet\cg</Filter>
    </ClCompile>
    <ClCompile Include="..\Classes\load\ResourceCheck.cpp">
      <Filter>load</Filter>
    </ClCompile>
    <ClCompile Include="..\Classes\ui\UpdataUi.cpp">
      <Filter>ui\uiLogic</Filter>
    </ClCompile>
    <ClCompile Include="..\Classes\ui\UpdataView.cpp">
      <Filter>ui\uiLogic</Filter>
    </ClCompile>
    <ClCompile Include="..\Classes\datapool\QuestData.cpp">
      <Filter>datapool</Filter>
    </ClCompile>
    <ClCompile Include="..\Classes\packetexecute\GCQuestPacketHandler.cpp">
      <Filter>packetexecute</Filter>
    </ClCompile>
    <ClCompile Include="..\..\..\server\Common\Packets\Mission\GCAcceptMissionPacket.cpp">
      <Filter>net\packet\gc</Filter>
    </ClCompile>
    <ClCompile Include="..\..\..\server\Common\Packets\Mission\GCMissionListPacket.cpp">
      <Filter>net\packet\gc</Filter>
    </ClCompile>
    <ClCompile Include="..\..\..\server\Common\Packets\Mission\GCUpdateMissionPacket.cpp">
      <Filter>net\packet\gc</Filter>
    </ClCompile>
    <ClCompile Include="..\..\..\server\Common\Packets\Mission\CGAskMissionListPacket.cpp">
      <Filter>net\packet\cg</Filter>
    </ClCompile>
    <ClCompile Include="..\..\..\server\Common\Packets\Mission\CGSubmitMissionPacket.cpp">
      <Filter>net\packet\cg</Filter>
    </ClCompile>
    <ClCompile Include="..\Classes\ui\taskInfoUIView.cpp">
      <Filter>ui\layout</Filter>
    </ClCompile>
    <ClCompile Include="..\Classes\ui\taskInfoUI.cpp">
      <Filter>ui\uiLogic</Filter>
    </ClCompile>
    <ClCompile Include="..\Classes\base\md5.cpp">
      <Filter>base</Filter>
    </ClCompile>
    <ClCompile Include="..\Classes\base\nuts.cpp">
      <Filter>base</Filter>
    </ClCompile>
    <ClCompile Include="..\Classes\base\sha1.cpp">
      <Filter>base</Filter>
    </ClCompile>
    <ClCompile Include="..\Classes\ui\userLoginUI.cpp">
      <Filter>ui\uiLogic</Filter>
    </ClCompile>
    <ClCompile Include="..\Classes\ui\userLoginUIView.cpp">
      <Filter>ui\layout</Filter>
    </ClCompile>
    <ClCompile Include="..\Classes\ui\element\gameIntroduceLayer.cpp">
      <Filter>ui\element</Filter>
    </ClCompile>
    <ClCompile Include="..\Classes\ui\heroBaseActivityUIView.cpp">
      <Filter>ui\layout</Filter>
    </ClCompile>
    <ClCompile Include="..\Classes\ui\heroBaseActivityUI.cpp">
      <Filter>ui\uiLogic</Filter>
    </ClCompile>
    <ClCompile Include="..\..\..\server\Common\Packets\Arena\CGArenaAskDetailPacket.cpp">
      <Filter>net\packet\cg</Filter>
    </ClCompile>
    <ClCompile Include="..\..\..\server\Common\Packets\Wood\CGWoodAskPacket.cpp">
      <Filter>net\packet\cg</Filter>
    </ClCompile>
    <ClCompile Include="..\..\..\server\Common\Packets\Wood\GCWoodRetEnterPacket.cpp">
      <Filter>net\packet\gc</Filter>
    </ClCompile>
    <ClCompile Include="..\..\..\server\Common\Packets\Wood\GCWoodRobPrizePacket.cpp">
      <Filter>net\packet\gc</Filter>
    </ClCompile>
    <ClCompile Include="..\..\..\server\Common\Packets\Arena\GCArenaAskEnterRetPacket.cpp">
      <Filter>net\packet\gc</Filter>
    </ClCompile>
    <ClCompile Include="..\Classes\packetexecute\GCWoodRetEnterPacketHandler.cpp">
      <Filter>packetexecute\wood</Filter>
    </ClCompile>
    <ClCompile Include="..\Classes\packetexecute\GCWoodRobPrizePacketHandler.cpp">
      <Filter>packetexecute\wood</Filter>
    </ClCompile>
    <ClCompile Include="..\Classes\datapool\WoodData.cpp">
      <Filter>datapool</Filter>
    </ClCompile>
    <ClCompile Include="..\..\..\server\Common\Packets\Wood\GCWoodRetRobObjPacket.cpp">
      <Filter>net\packet\gc</Filter>
    </ClCompile>
    <ClCompile Include="..\Classes\packetexecute\GCWoodRetRobObjPacketHandler.cpp">
      <Filter>packetexecute\wood</Filter>
    </ClCompile>
    <ClCompile Include="..\Classes\ui\OtherheroInfoUI.cpp">
      <Filter>ui\uiLogic</Filter>
    </ClCompile>
    <ClCompile Include="..\Classes\ui\otherheroInfoUView.cpp">
      <Filter>ui\layout</Filter>
    </ClCompile>
    <ClCompile Include="..\Classes\object\ObjectFarmer.cpp">
      <Filter>object\player</Filter>
    </ClCompile>
    <ClCompile Include="..\Classes\ui\heroWoodFightChooseUView.cpp">
      <Filter>ui\layout</Filter>
    </ClCompile>
    <ClCompile Include="..\Classes\ui\heroWoodFightChooseUI.cpp">
      <Filter>ui\uiLogic</Filter>
    </ClCompile>
    <ClCompile Include="..\..\..\server\Common\Packets\Wood\CGWoodSetMatrixPacket.cpp">
      <Filter>net\packet\cg</Filter>
    </ClCompile>
    <ClCompile Include="..\..\..\server\Common\Packets\Other\CGExchangeStonePacket.cpp">
      <Filter>net\packet\cg</Filter>
    </ClCompile>
    <ClCompile Include="..\Classes\ui\heroBaseWoodPVPUIViewHandle.cpp">
      <Filter>ui\layout</Filter>
    </ClCompile>
    <ClCompile Include="..\Classes\packetexecute\GCQujingHandler.cpp">
      <Filter>packetexecute\qujing</Filter>
    </ClCompile>
    <ClCompile Include="..\..\..\server\Common\Packets\QuJing\GCOpenQuJingUIPacket.cpp">
      <Filter>net\packet\gc</Filter>
    </ClCompile>
    <ClCompile Include="..\..\..\server\Common\Packets\QuJing\GCQuJingHuSongBroadPacket.cpp">
      <Filter>net\packet\gc</Filter>
    </ClCompile>
    <ClCompile Include="..\..\..\server\Common\Packets\QuJing\GCQuJingPrizePacket.cpp">
      <Filter>net\packet\gc</Filter>
    </ClCompile>
    <ClCompile Include="..\..\..\server\Common\Packets\QuJing\GCRetQuJingDataPacket.cpp">
      <Filter>net\packet\gc</Filter>
    </ClCompile>
    <ClCompile Include="..\..\..\server\Common\Packets\QuJing\CGAskQuJingDataPacket.cpp">
      <Filter>net\packet\cg</Filter>
    </ClCompile>
    <ClCompile Include="..\..\..\server\Common\Packets\QuJing\CGOpenQuJingUIPacket.cpp">
      <Filter>net\packet\cg</Filter>
    </ClCompile>
    <ClCompile Include="..\..\..\server\Common\Packets\QuJing\CGQuJingHuSongPacket.cpp">
      <Filter>net\packet\cg</Filter>
    </ClCompile>
    <ClCompile Include="..\..\..\server\Common\Packets\QuJing\CGQuJingRobPacket.cpp">
      <Filter>net\packet\cg</Filter>
    </ClCompile>
    <ClCompile Include="..\..\..\server\Common\Packets\QuJing\CGQuJingSetMatrixPacket.cpp">
      <Filter>net\packet\cg</Filter>
    </ClCompile>
    <ClCompile Include="..\..\..\server\Common\Packets\QuJing\CGQuJingSpeedUpPacket.cpp">
      <Filter>net\packet\cg</Filter>
    </ClCompile>
    <ClCompile Include="..\..\..\server\Common\Packets\QuJing\CGRefreshQuJingShiZhePacket.cpp">
      <Filter>net\packet\cg</Filter>
    </ClCompile>
    <ClCompile Include="..\Classes\datapool\QuJingData.cpp">
      <Filter>datapool</Filter>
    </ClCompile>
    <ClCompile Include="..\Classes\ui\EscortWoodUIView.cpp">
      <Filter>ui\layout</Filter>
    </ClCompile>
    <ClCompile Include="..\Classes\ui\EscortWoodUI.cpp">
      <Filter>ui\uiLogic</Filter>
    </ClCompile>
    <ClCompile Include="..\Classes\ui\WoodShiZheUI.cpp">
      <Filter>ui\uiLogic</Filter>
    </ClCompile>
    <ClCompile Include="..\Classes\ui\WoodShiZheUIView.cpp">
      <Filter>ui\uiLogic</Filter>
    </ClCompile>
    <ClCompile Include="..\Classes\net\NetworkSystem.cpp">
      <Filter>net</Filter>
    </ClCompile>
    <ClCompile Include="..\..\..\server\Common\Packets\QuJing\CGRefreshQuJingTangSengPacket.cpp">
      <Filter>net\packet\cg</Filter>
    </ClCompile>
    <ClCompile Include="..\..\..\server\Common\Packets\Stair\CGStairAskPacket.cpp">
      <Filter>net\packet\cg</Filter>
    </ClCompile>
    <ClCompile Include="..\..\..\server\Common\Packets\Stair\GCStairMonsterGroupPacket.cpp">
      <Filter>net\packet\gc</Filter>
    </ClCompile>
    <ClCompile Include="..\..\..\server\Common\Packets\Stair\GCStairPlusPacket.cpp">
      <Filter>net\packet\gc</Filter>
    </ClCompile>
    <ClCompile Include="..\..\..\server\Common\Packets\Stair\GCStairPrizePacket.cpp">
      <Filter>net\packet\gc</Filter>
    </ClCompile>
    <ClCompile Include="..\..\..\server\Common\Packets\Stair\GCStairRetEnterPacket.cpp">
      <Filter>net\packet\gc</Filter>
    </ClCompile>
    <ClCompile Include="..\Classes\packetexecute\GCStairHandler.cpp">
      <Filter>packetexecute\Stair</Filter>
    </ClCompile>
    <ClCompile Include="..\Classes\datapool\BloodData.cpp">
      <Filter>datapool</Filter>
    </ClCompile>
    <ClCompile Include="..\Classes\base\Sdk_Handler.cpp">
      <Filter>base</Filter>
    </ClCompile>
    <ClCompile Include="..\Classes\base\nine1-android.cpp">
      <Filter>base</Filter>
    </ClCompile>
    <ClCompile Include="..\Classes\ui\placardUIView.cpp">
      <Filter>ui\layout</Filter>
    </ClCompile>
    <ClCompile Include="..\Classes\ui\placardUI.cpp">
      <Filter>ui\uiLogic</Filter>
    </ClCompile>
    <ClCompile Include="..\..\..\server\Common\Packets\Other\CGRockHeroPacket.cpp">
      <Filter>net\packet\cg</Filter>
    </ClCompile>
    <ClCompile Include="..\..\..\server\Common\Packets\Other\CGGetGiftpackCardPacket.cpp">
      <Filter>net\packet\cg</Filter>
    </ClCompile>
    <ClCompile Include="..\Classes\ui\giftDetailUIView.cpp">
      <Filter>ui\layout</Filter>
    </ClCompile>
    <ClCompile Include="..\Classes\ui\giftDetailUI.cpp">
      <Filter>ui\uiLogic</Filter>
    </ClCompile>
    <ClCompile Include="..\..\..\server\Common\Packets\Mail\CGMailReadAllPacket.cpp">
      <Filter>net\packet\cg</Filter>
    </ClCompile>
    <ClCompile Include="..\..\..\server\Common\Packets\Mail\CGMailDelAllPacket.cpp">
      <Filter>net\packet\cg</Filter>
    </ClCompile>
  </ItemGroup>
</Project>